
Microsoft Visual Studio Solution File, Format Version 12.00
# Visual Studio Version 16
VisualStudioVersion = 16.0.29215.179
MinimumVisualStudioVersion = 10.0.40219.1
Project("{FAE04EC0-301F-11D3-BF4B-00C04F79EFBC}") = "StudentClassProject", "StudentClassProject\StudentClassProject.csproj", "{332E542C-5701-4AC7-9074-003AA8E2FB39}"
EndProject
Global
	GlobalSection(SolutionConfigurationPlatforms) = preSolution
		Debug|Any CPU = Debug|Any CPU
		Release|Any CPU = Release|Any CPU
	EndGlobalSection
	GlobalSection(ProjectConfigurationPlatforms) = postSolution
		{332E542C-5701-4AC7-9074-003AA8E2FB39}.Debug|Any CPU.ActiveCfg = Debug|Any CPU
		{332E542C-5701-4AC7-9074-003AA8E2FB39}.Debug|Any CPU.Build.0 = Debug|Any CPU
		{332E542C-5701-4AC7-9074-003AA8E2FB39}.Release|Any CPU.ActiveCfg = Release|Any CPU
		{332E542C-5701-4AC7-9074-003AA8E2FB39}.Release|Any CPU.Build.0 = Release|Any CPU
	EndGlobalSection
	GlobalSection(SolutionProperties) = preSolution
		HideSolutionNode = FALSE
	EndGlobalSection
	GlobalSection(ExtensibilityGlobals) = postSolution
		SolutionGuid = {FE6C8036-FD6A-4499-BD90-8E9E7C79E62B}
	EndGlobalSection
EndGlobal
